
Microsoft Visual Studio Solution File, Format Version 12.00
# Visual Studio Version 17
VisualStudioVersion = 17.8.34330.188
MinimumVisualStudioVersion = 10.0.40219.1
Project("{FAE04EC0-301F-11D3-BF4B-00C04F79EFBC}") = "WebApplication1", "WebApplication1\WebApplication1.csproj", "{365459B4-0D7F-48A7-87A0-A5AF70511112}"
EndProject
Global
	GlobalSection(SolutionConfigurationPlatforms) = preSolution
		Debug|Any CPU = Debug|Any CPU
		Release|Any CPU = Release|Any CPU
	EndGlobalSection
	GlobalSection(ProjectConfigurationPlatforms) = postSolution
		{365459B4-0D7F-48A7-87A0-A5AF70511112}.Debug|Any CPU.ActiveCfg = Debug|Any CPU
		{365459B4-0D7F-48A7-87A0-A5AF70511112}.Debug|Any CPU.Build.0 = Debug|Any CPU
		{365459B4-0D7F-48A7-87A0-A5AF70511112}.Release|Any CPU.ActiveCfg = Release|Any CPU
		{365459B4-0D7F-48A7-87A0-A5AF70511112}.Release|Any CPU.Build.0 = Release|Any CPU
	EndGlobalSection
	GlobalSection(SolutionProperties) = preSolution
		HideSolutionNode = FALSE
	EndGlobalSection
	GlobalSection(ExtensibilityGlobals) = postSolution
		SolutionGuid = {BF18DFB2-0BE4-4A8E-8700-16D4DB357560}
	EndGlobalSection
EndGlobal
